# THIS IS AN AUTOGENERATED FILE. DO NOT EDIT THIS FILE DIRECTLY.
# yarn lockfile v1


elasticlunrjs@^1.0.1:
  version "1.0.1"
  resolved "https://registry.yarnpkg.com/elasticlunrjs/-/elasticlunrjs-1.0.1.tgz#a1479765e79fb11188c2af358789be5747ddca25"
  integrity sha512-Si+Y2Kef7AC6UVA0bgSOG20xtszLeUFmk4Yj2C73tP7OuIciwErU4ReQ8nZnT4NoB2JtcI7ia0Dr+HgoxcVFyw==
